PODS:
  - PCDottedPasscodeView (0.1.10)

DEPENDENCIES:
  - PCDottedPasscodeView (from `../`)

EXTERNAL SOURCES:
  PCDottedPasscodeView:
    :path: "../"

SPEC CHECKSUMS:
  PCDottedPasscodeView: dea810287dc79ffb2824d720dd346a5217384ca9

PODFILE CHECKSUM: 0b8b47db41a5c607997bc8833b42f81986fe6ef4

COCOAPODS: 1.6.0.beta.2
